
Microsoft Visual Studio Solution File, Format Version 12.00
# Visual Studio Version 17
VisualStudioVersion = 17.7.33711.374
MinimumVisualStudioVersion = 10.0.40219.1
Project("{9A19103F-16F7-4668-BE54-9A1E7A4F7556}") = "WindowsService", "WindowsService\WindowsService.csproj", "{B8F2B5E4-B336-44ED-B744-50F476207754}"
EndProject
Project("{9A19103F-16F7-4668-BE54-9A1E7A4F7556}") = "AcsWindowsClient", "AcsWindowsClient\AcsWindowsClient.csproj", "{5DC854FF-2FFE-40C8-8202-3A42E27A959B}"
EndProject
Project("{9A19103F-16F7-4668-BE54-9A1E7A4F7556}") = "GrpcProto", "GrpcProto\GrpcProto.csproj", "{B59411AA-5D6F-424E-A799-5C586CD07689}"
EndProject
Project("{FAE04EC0-301F-11D3-BF4B-00C04F79EFBC}") = "MemoryMappedFiles", "MemoryMappedFiles\MemoryMappedFiles.csproj", "{40D367E5-B00D-40BD-B309-F8EACB693A6D}"
EndProject
Global
	GlobalSection(SolutionConfigurationPlatforms) = preSolution
		Debug|Any CPU = Debug|Any CPU
		Debug|ARM64 = Debug|ARM64
		Debug|x64 = Debug|x64
		Debug|x86 = Debug|x86
		Release|Any CPU = Release|Any CPU
		Release|ARM64 = Release|ARM64
		Release|x64 = Release|x64
		Release|x86 = Release|x86
	EndGlobalSection
	GlobalSection(ProjectConfigurationPlatforms) = postSolution
		{B8F2B5E4-B336-44ED-B744-50F476207754}.Debug|Any CPU.ActiveCfg = Debug|Any CPU
		{B8F2B5E4-B336-44ED-B744-50F476207754}.Debug|Any CPU.Build.0 = Debug|Any CPU
		{B8F2B5E4-B336-44ED-B744-50F476207754}.Debug|ARM64.ActiveCfg = Debug|Any CPU
		{B8F2B5E4-B336-44ED-B744-50F476207754}.Debug|ARM64.Build.0 = Debug|Any CPU
		{B8F2B5E4-B336-44ED-B744-50F476207754}.Debug|x64.ActiveCfg = Debug|Any CPU
		{B8F2B5E4-B336-44ED-B744-50F476207754}.Debug|x64.Build.0 = Debug|Any CPU
		{B8F2B5E4-B336-44ED-B744-50F476207754}.Debug|x86.ActiveCfg = Debug|Any CPU
		{B8F2B5E4-B336-44ED-B744-50F476207754}.Debug|x86.Build.0 = Debug|Any CPU
		{B8F2B5E4-B336-44ED-B744-50F476207754}.Release|Any CPU.ActiveCfg = Release|Any CPU
		{B8F2B5E4-B336-44ED-B744-50F476207754}.Release|Any CPU.Build.0 = Release|Any CPU
		{B8F2B5E4-B336-44ED-B744-50F476207754}.Release|ARM64.ActiveCfg = Release|Any CPU
		{B8F2B5E4-B336-44ED-B744-50F476207754}.Release|ARM64.Build.0 = Release|Any CPU
		{B8F2B5E4-B336-44ED-B744-50F476207754}.Release|x64.ActiveCfg = Release|Any CPU
		{B8F2B5E4-B336-44ED-B744-50F476207754}.Release|x64.Build.0 = Release|Any CPU
		{B8F2B5E4-B336-44ED-B744-50F476207754}.Release|x86.ActiveCfg = Release|Any CPU
		{B8F2B5E4-B336-44ED-B744-50F476207754}.Release|x86.Build.0 = Release|Any CPU
		{5DC854FF-2FFE-40C8-8202-3A42E27A959B}.Debug|Any CPU.ActiveCfg = Debug|x64
		{5DC854FF-2FFE-40C8-8202-3A42E27A959B}.Debug|Any CPU.Build.0 = Debug|x64
		{5DC854FF-2FFE-40C8-8202-3A42E27A959B}.Debug|Any CPU.Deploy.0 = Debug|x64
		{5DC854FF-2FFE-40C8-8202-3A42E27A959B}.Debug|ARM64.ActiveCfg = Debug|ARM64
		{5DC854FF-2FFE-40C8-8202-3A42E27A959B}.Debug|ARM64.Build.0 = Debug|ARM64
		{5DC854FF-2FFE-40C8-8202-3A42E27A959B}.Debug|ARM64.Deploy.0 = Debug|ARM64
		{5DC854FF-2FFE-40C8-8202-3A42E27A959B}.Debug|x64.ActiveCfg = Debug|x64
		{5DC854FF-2FFE-40C8-8202-3A42E27A959B}.Debug|x64.Build.0 = Debug|x64
		{5DC854FF-2FFE-40C8-8202-3A42E27A959B}.Debug|x64.Deploy.0 = Debug|x64
		{5DC854FF-2FFE-40C8-8202-3A42E27A959B}.Debug|x86.ActiveCfg = Debug|x86
		{5DC854FF-2FFE-40C8-8202-3A42E27A959B}.Debug|x86.Build.0 = Debug|x86
		{5DC854FF-2FFE-40C8-8202-3A42E27A959B}.Debug|x86.Deploy.0 = Debug|x86
		{5DC854FF-2FFE-40C8-8202-3A42E27A959B}.Release|Any CPU.ActiveCfg = Release|x64
		{5DC854FF-2FFE-40C8-8202-3A42E27A959B}.Release|Any CPU.Build.0 = Release|x64
		{5DC854FF-2FFE-40C8-8202-3A42E27A959B}.Release|Any CPU.Deploy.0 = Release|x64
		{5DC854FF-2FFE-40C8-8202-3A42E27A959B}.Release|ARM64.ActiveCfg = Release|ARM64
		{5DC854FF-2FFE-40C8-8202-3A42E27A959B}.Release|ARM64.Build.0 = Release|ARM64
		{5DC854FF-2FFE-40C8-8202-3A42E27A959B}.Release|ARM64.Deploy.0 = Release|ARM64
		{5DC854FF-2FFE-40C8-8202-3A42E27A959B}.Release|x64.ActiveCfg = Release|x64
		{5DC854FF-2FFE-40C8-8202-3A42E27A959B}.Release|x64.Build.0 = Release|x64
		{5DC854FF-2FFE-40C8-8202-3A42E27A959B}.Release|x64.Deploy.0 = Release|x64
		{5DC854FF-2FFE-40C8-8202-3A42E27A959B}.Release|x86.ActiveCfg = Release|x86
		{5DC854FF-2FFE-40C8-8202-3A42E27A959B}.Release|x86.Build.0 = Release|x86
		{5DC854FF-2FFE-40C8-8202-3A42E27A959B}.Release|x86.Deploy.0 = Release|x86
		{B59411AA-5D6F-424E-A799-5C586CD07689}.Debug|Any CPU.ActiveCfg = Debug|Any CPU
		{B59411AA-5D6F-424E-A799-5C586CD07689}.Debug|Any CPU.Build.0 = Debug|Any CPU
		{B59411AA-5D6F-424E-A799-5C586CD07689}.Debug|ARM64.ActiveCfg = Debug|Any CPU
		{B59411AA-5D6F-424E-A799-5C586CD07689}.Debug|ARM64.Build.0 = Debug|Any CPU
		{B59411AA-5D6F-424E-A799-5C586CD07689}.Debug|x64.ActiveCfg = Debug|Any CPU
		{B59411AA-5D6F-424E-A799-5C586CD07689}.Debug|x64.Build.0 = Debug|Any CPU
		{B59411AA-5D6F-424E-A799-5C586CD07689}.Debug|x86.ActiveCfg = Debug|Any CPU
		{B59411AA-5D6F-424E-A799-5C586CD07689}.Debug|x86.Build.0 = Debug|Any CPU
		{B59411AA-5D6F-424E-A799-5C586CD07689}.Release|Any CPU.ActiveCfg = Release|Any CPU
		{B59411AA-5D6F-424E-A799-5C586CD07689}.Release|Any CPU.Build.0 = Release|Any CPU
		{B59411AA-5D6F-424E-A799-5C586CD07689}.Release|ARM64.ActiveCfg = Release|Any CPU
		{B59411AA-5D6F-424E-A799-5C586CD07689}.Release|ARM64.Build.0 = Release|Any CPU
		{B59411AA-5D6F-424E-A799-5C586CD07689}.Release|x64.ActiveCfg = Release|Any CPU
		{B59411AA-5D6F-424E-A799-5C586CD07689}.Release|x64.Build.0 = Release|Any CPU
		{B59411AA-5D6F-424E-A799-5C586CD07689}.Release|x86.ActiveCfg = Release|Any CPU
		{B59411AA-5D6F-424E-A799-5C586CD07689}.Release|x86.Build.0 = Release|Any CPU
		{40D367E5-B00D-40BD-B309-F8EACB693A6D}.Debug|Any CPU.ActiveCfg = Debug|Any CPU
		{40D367E5-B00D-40BD-B309-F8EACB693A6D}.Debug|Any CPU.Build.0 = Debug|Any CPU
		{40D367E5-B00D-40BD-B309-F8EACB693A6D}.Debug|ARM64.ActiveCfg = Debug|Any CPU
		{40D367E5-B00D-40BD-B309-F8EACB693A6D}.Debug|ARM64.Build.0 = Debug|Any CPU
		{40D367E5-B00D-40BD-B309-F8EACB693A6D}.Debug|x64.ActiveCfg = Debug|Any CPU
		{40D367E5-B00D-40BD-B309-F8EACB693A6D}.Debug|x64.Build.0 = Debug|Any CPU
		{40D367E5-B00D-40BD-B309-F8EACB693A6D}.Debug|x86.ActiveCfg = Debug|Any CPU
		{40D367E5-B00D-40BD-B309-F8EACB693A6D}.Debug|x86.Build.0 = Debug|Any CPU
		{40D367E5-B00D-40BD-B309-F8EACB693A6D}.Release|Any CPU.ActiveCfg = Release|Any CPU
		{40D367E5-B00D-40BD-B309-F8EACB693A6D}.Release|Any CPU.Build.0 = Release|Any CPU
		{40D367E5-B00D-40BD-B309-F8EACB693A6D}.Release|ARM64.ActiveCfg = Release|Any CPU
		{40D367E5-B00D-40BD-B309-F8EACB693A6D}.Release|ARM64.Build.0 = Release|Any CPU
		{40D367E5-B00D-40BD-B309-F8EACB693A6D}.Release|x64.ActiveCfg = Release|Any CPU
		{40D367E5-B00D-40BD-B309-F8EACB693A6D}.Release|x64.Build.0 = Release|Any CPU
		{40D367E5-B00D-40BD-B309-F8EACB693A6D}.Release|x86.ActiveCfg = Release|Any CPU
		{40D367E5-B00D-40BD-B309-F8EACB693A6D}.Release|x86.Build.0 = Release|Any CPU
	EndGlobalSection
	GlobalSection(SolutionProperties) = preSolution
		HideSolutionNode = FALSE
	EndGlobalSection
	GlobalSection(ExtensibilityGlobals) = postSolution
		SolutionGuid = {29E024EC-91BF-4403-A373-6475D061E139}
	EndGlobalSection
EndGlobal
